
Microsoft Visual Studio Solution File, Format Version 12.00
# Visual Studio Version 16
VisualStudioVersion = 16.0.31829.152
MinimumVisualStudioVersion = 10.0.40219.1
Project("{2150E333-8FDC-42A3-9474-1A3956D46DE8}") = "root", "root", "{DD2E4319-90BD-42E5-A88E-49332D65BA3B}"
	ProjectSection(SolutionItems) = preProject
		..\Mis\.editorconfig = ..\Mis\.editorconfig
	EndProjectSection
EndProject
Project("{9A19103F-16F7-4668-BE54-9A1E7A4F7556}") = "WebApplicationTest", "WebApplicationTest\WebApplicationTest.csproj", "{D0E65A8D-32FF-43D1-B481-2BB9AEC5935D}"
EndProject
Project("{FAE04EC0-301F-11D3-BF4B-00C04F79EFBC}") = "CrudTest", "CrudTest\CrudTest.csproj", "{171FF5EF-4AFC-4C90-992C-4187742534EF}"
EndProject
Project("{FAE04EC0-301F-11D3-BF4B-00C04F79EFBC}") = "Web.Core", "Web.Core\Web.Core.csproj", "{338344CA-9C0E-448C-9401-FAF801A1F6AF}"
EndProject
Global
	GlobalSection(SolutionConfigurationPlatforms) = preSolution
		Debug|Any CPU = Debug|Any CPU
		Release|Any CPU = Release|Any CPU
	EndGlobalSection
	GlobalSection(ProjectConfigurationPlatforms) = postSolution
		{D0E65A8D-32FF-43D1-B481-2BB9AEC5935D}.Debug|Any CPU.ActiveCfg = Debug|Any CPU
		{D0E65A8D-32FF-43D1-B481-2BB9AEC5935D}.Debug|Any CPU.Build.0 = Debug|Any CPU
		{D0E65A8D-32FF-43D1-B481-2BB9AEC5935D}.Release|Any CPU.ActiveCfg = Release|Any CPU
		{D0E65A8D-32FF-43D1-B481-2BB9AEC5935D}.Release|Any CPU.Build.0 = Release|Any CPU
		{171FF5EF-4AFC-4C90-992C-4187742534EF}.Debug|Any CPU.ActiveCfg = Debug|Any CPU
		{171FF5EF-4AFC-4C90-992C-4187742534EF}.Debug|Any CPU.Build.0 = Debug|Any CPU
		{171FF5EF-4AFC-4C90-992C-4187742534EF}.Release|Any CPU.ActiveCfg = Release|Any CPU
		{171FF5EF-4AFC-4C90-992C-4187742534EF}.Release|Any CPU.Build.0 = Release|Any CPU
		{338344CA-9C0E-448C-9401-FAF801A1F6AF}.Debug|Any CPU.ActiveCfg = Debug|Any CPU
		{338344CA-9C0E-448C-9401-FAF801A1F6AF}.Debug|Any CPU.Build.0 = Debug|Any CPU
		{338344CA-9C0E-448C-9401-FAF801A1F6AF}.Release|Any CPU.ActiveCfg = Release|Any CPU
		{338344CA-9C0E-448C-9401-FAF801A1F6AF}.Release|Any CPU.Build.0 = Release|Any CPU
	EndGlobalSection
	GlobalSection(SolutionProperties) = preSolution
		HideSolutionNode = FALSE
	EndGlobalSection
	GlobalSection(ExtensibilityGlobals) = postSolution
		SolutionGuid = {C3A9FC84-6E48-4ACD-8864-BE1C5FBB4F63}
	EndGlobalSection
EndGlobal
